
Microsoft Visual Studio Solution File, Format Version 12.00
# Visual Studio 15
VisualStudioVersion = 15.0.27130.2036
MinimumVisualStudioVersion = 10.0.40219.1
Project("{FAE04EC0-301F-11D3-BF4B-00C04F79EFBC}") = "HW_Lesson5_BronashkoAV", "HW_Lesson5_BronashkoAV\HW_Lesson5_BronashkoAV.csproj", "{850C6D6C-39A3-461A-A17E-D6F75EEF3ACF}"
EndProject
Global
	GlobalSection(SolutionConfigurationPlatforms) = preSolution
		Debug|Any CPU = Debug|Any CPU
		Release|Any CPU = Release|Any CPU
	EndGlobalSection
	GlobalSection(ProjectConfigurationPlatforms) = postSolution
		{850C6D6C-39A3-461A-A17E-D6F75EEF3ACF}.Debug|Any CPU.ActiveCfg = Debug|Any CPU
		{850C6D6C-39A3-461A-A17E-D6F75EEF3ACF}.Debug|Any CPU.Build.0 = Debug|Any CPU
		{850C6D6C-39A3-461A-A17E-D6F75EEF3ACF}.Release|Any CPU.ActiveCfg = Release|Any CPU
		{850C6D6C-39A3-461A-A17E-D6F75EEF3ACF}.Release|Any CPU.Build.0 = Release|Any CPU
	EndGlobalSection
	GlobalSection(SolutionProperties) = preSolution
		HideSolutionNode = FALSE
	EndGlobalSection
	GlobalSection(ExtensibilityGlobals) = postSolution
		SolutionGuid = {B90940C5-B1AC-4DAD-8981-94CEA9818544}
	EndGlobalSection
EndGlobal
